
Microsoft Visual Studio Solution File, Format Version 12.00
# Visual Studio Version 16
VisualStudioVersion = 16.0.30804.86
MinimumVisualStudioVersion = 10.0.40219.1
Project("{9A19103F-16F7-4668-BE54-9A1E7A4F7556}") = "Garage.Core", "Garage.Core\Garage.Core.csproj", "{FF2639E8-0A78-4EC0-AEDE-1E4F25F3363A}"
EndProject
Project("{9A19103F-16F7-4668-BE54-9A1E7A4F7556}") = "IISC.Web", "IISC.Web\IISC.Web.csproj", "{1DB6BD55-CBB4-4F97-A7C8-3DB254565CA0}"
EndProject
Global
	GlobalSection(SolutionConfigurationPlatforms) = preSolution
		Debug|Any CPU = Debug|Any CPU
		Release|Any CPU = Release|Any CPU
	EndGlobalSection
	GlobalSection(ProjectConfigurationPlatforms) = postSolution
		{FF2639E8-0A78-4EC0-AEDE-1E4F25F3363A}.Debug|Any CPU.ActiveCfg = Debug|Any CPU
		{FF2639E8-0A78-4EC0-AEDE-1E4F25F3363A}.Debug|Any CPU.Build.0 = Debug|Any CPU
		{FF2639E8-0A78-4EC0-AEDE-1E4F25F3363A}.Release|Any CPU.ActiveCfg = Release|Any CPU
		{FF2639E8-0A78-4EC0-AEDE-1E4F25F3363A}.Release|Any CPU.Build.0 = Release|Any CPU
		{1DB6BD55-CBB4-4F97-A7C8-3DB254565CA0}.Debug|Any CPU.ActiveCfg = Debug|Any CPU
		{1DB6BD55-CBB4-4F97-A7C8-3DB254565CA0}.Debug|Any CPU.Build.0 = Debug|Any CPU
		{1DB6BD55-CBB4-4F97-A7C8-3DB254565CA0}.Release|Any CPU.ActiveCfg = Release|Any CPU
		{1DB6BD55-CBB4-4F97-A7C8-3DB254565CA0}.Release|Any CPU.Build.0 = Release|Any CPU
	EndGlobalSection
	GlobalSection(SolutionProperties) = preSolution
		HideSolutionNode = FALSE
	EndGlobalSection
	GlobalSection(ExtensibilityGlobals) = postSolution
		SolutionGuid = {F9514CF3-41F3-4A44-8DF0-AE3BFB70470D}
	EndGlobalSection
EndGlobal
